
Microsoft Visual Studio Solution File, Format Version 12.00
# Visual Studio Version 17
VisualStudioVersion = 17.14.36811.4 d17.14
MinimumVisualStudioVersion = 10.0.40219.1
Project("{FAE04EC0-301F-11D3-BF4B-00C04F79EFBC}") = "CORE-MVC-DEMO", "CORE-MVC-DEMO.csproj", "{F4EF090A-91AC-4DFD-B15E-5F287694CC9F}"
EndProject
Global
	GlobalSection(SolutionConfigurationPlatforms) = preSolution
		Debug|Any CPU = Debug|Any CPU
		Release|Any CPU = Release|Any CPU
	EndGlobalSection
	GlobalSection(ProjectConfigurationPlatforms) = postSolution
		{F4EF090A-91AC-4DFD-B15E-5F287694CC9F}.Debug|Any CPU.ActiveCfg = Debug|Any CPU
		{F4EF090A-91AC-4DFD-B15E-5F287694CC9F}.Debug|Any CPU.Build.0 = Debug|Any CPU
		{F4EF090A-91AC-4DFD-B15E-5F287694CC9F}.Release|Any CPU.ActiveCfg = Release|Any CPU
		{F4EF090A-91AC-4DFD-B15E-5F287694CC9F}.Release|Any CPU.Build.0 = Release|Any CPU
	EndGlobalSection
	GlobalSection(SolutionProperties) = preSolution
		HideSolutionNode = FALSE
	EndGlobalSection
	GlobalSection(ExtensibilityGlobals) = postSolution
		SolutionGuid = {6E7EC1E2-141E-46DA-BBD1-F72756EAF898}
	EndGlobalSection
EndGlobal
